// !$*UTF8*$!
{
	archiveVersion = 1;
	classes = {
	};
	objectVersion = 46;
	objects = {

/* Begin PBXBuildFile section */
		324A43A81F47B72D00EB592A /* StartViewController.swift in Sources */ = {isa = PBXBuildFile; fileRef = 324A43A71F47B72D00EB592A /* StartViewController.swift */; };
		324A43AA1F47B8E500EB592A /* Alamofire.framework in Frameworks */ = {isa = PBXBuildFile; fileRef = 324A43A91F47B8E500EB592A /* Alamofire.framework */; };
		AC8049C51F0ABE9300F403D4 /* AppDelegate.swift in Sources */ = {isa = PBXBuildFile; fileRef = AC8049C41F0ABE9300F403D4 /* AppDelegate.swift */; };
		AC8049CA1F0ABE9300F403D4 /* Main.storyboard in Resources */ = {isa = PBXBuildFile; fileRef = AC8049C81F0ABE9300F403D4 /* Main.storyboard */; };
		AC8049CC1F0ABE9300F403D4 /* Assets.xcassets in Resources */ = {isa = PBXBuildFile; fileRef = AC8049CB1F0ABE9300F403D4 /* Assets.xcassets */; };
		AC8049CF1F0ABE9300F403D4 /* LaunchScreen.storyboard in Resources */ = {isa = PBXBuildFile; fileRef = AC8049CD1F0ABE9300F403D4 /* LaunchScreen.storyboard */; };
		AC8049DE1F0AC42400F403D4 /* MovieAPI.swift in Sources */ = {isa = PBXBuildFile; fileRef = AC8049DD1F0AC42400F403D4 /* MovieAPI.swift */; };
		AC8049E01F0AFB0E00F403D4 /* GenreViewController.swift in Sources */ = {isa = PBXBuildFile; fileRef = AC8049DF1F0AFB0E00F403D4 /* GenreViewController.swift */; };
		AC8049E21F0AFB6800F403D4 /* ActorViewController.swift in Sources */ = {isa = PBXBuildFile; fileRef = AC8049E11F0AFB6800F403D4 /* ActorViewController.swift */; };
		AC8049E61F0AFC0A00F403D4 /* MovieViewController.swift in Sources */ = {isa = PBXBuildFile; fileRef = AC8049E51F0AFC0A00F403D4 /* MovieViewController.swift */; };
		AC8049E81F0B019100F403D4 /* Session.swift in Sources */ = {isa = PBXBuildFile; fileRef = AC8049E71F0B019100F403D4 /* Session.swift */; };
		AC8049EA1F0D45DB00F403D4 /* Genre.swift in Sources */ = {isa = PBXBuildFile; fileRef = AC8049E91F0D45DB00F403D4 /* Genre.swift */; };
		AC8049EC1F0D4CCF00F403D4 /* MovieError.swift in Sources */ = {isa = PBXBuildFile; fileRef = AC8049EB1F0D4CCF00F403D4 /* MovieError.swift */; };
		AC8049EF1F0D50FB00F403D4 /* GenreCell.swift in Sources */ = {isa = PBXBuildFile; fileRef = AC8049EE1F0D50FB00F403D4 /* GenreCell.swift */; };
		AC8049F11F0D95D600F403D4 /* ActorCell.swift in Sources */ = {isa = PBXBuildFile; fileRef = AC8049F01F0D95D600F403D4 /* ActorCell.swift */; };
		AC8049F31F0D98B100F403D4 /* Actor.swift in Sources */ = {isa = PBXBuildFile; fileRef = AC8049F21F0D98B100F403D4 /* Actor.swift */; };
		AC8049F51F0DA27400F403D4 /* MovieSessionManager.swift in Sources */ = {isa = PBXBuildFile; fileRef = AC8049F41F0DA27400F403D4 /* MovieSessionManager.swift */; };
		AC8049F71F0E93CF00F403D4 /* MovieCell.swift in Sources */ = {isa = PBXBuildFile; fileRef = AC8049F61F0E93CF00F403D4 /* MovieCell.swift */; };
		AC8049F91F0E943200F403D4 /* Movie.swift in Sources */ = {isa = PBXBuildFile; fileRef = AC8049F81F0E943200F403D4 /* Movie.swift */; };
		AC8049FB1F0EDE5100F403D4 /* Configuration.swift in Sources */ = {isa = PBXBuildFile; fileRef = AC8049FA1F0EDE5100F403D4 /* Configuration.swift */; };
		AC804A011F0EEA1E00F403D4 /* ImageState.swift in Sources */ = {isa = PBXBuildFile; fileRef = AC804A001F0EEA1E00F403D4 /* ImageState.swift */; };
/* End PBXBuildFile section */

/* Begin PBXFileReference section */
		324A43A71F47B72D00EB592A /* StartViewController.swift */ = {isa = PBXFileReference; fileEncoding = 4; lastKnownFileType = sourcecode.swift; path = StartViewController.swift; sourceTree = "<group>"; };
		324A43A91F47B8E500EB592A /* Alamofire.framework */ = {isa = PBXFileReference; lastKnownFileType = wrapper.framework; name = Alamofire.framework; path = Carthage/Build/iOS/Alamofire.framework; sourceTree = "<group>"; };
		AC8049C11F0ABE9300F403D4 /* MovieNight.app */ = {isa = PBXFileReference; explicitFileType = wrapper.application; includeInIndex = 0; path = MovieNight.app; sourceTree = BUILT_PRODUCTS_DIR; };
		AC8049C41F0ABE9300F403D4 /* AppDelegate.swift */ = {isa = PBXFileReference; lastKnownFileType = sourcecode.swift; path = AppDelegate.swift; sourceTree = "<group>"; };
		AC8049C91F0ABE9300F403D4 /* Base */ = {isa = PBXFileReference; lastKnownFileType = file.storyboard; name = Base; path = Base.lproj/Main.storyboard; sourceTree = "<group>"; };
		AC8049CB1F0ABE9300F403D4 /* Assets.xcassets */ = {isa = PBXFileReference; lastKnownFileType = folder.assetcatalog; path = Assets.xcassets; sourceTree = "<group>"; };
		AC8049CE1F0ABE9300F403D4 /* Base */ = {isa = PBXFileReference; lastKnownFileType = file.storyboard; name = Base; path = Base.lproj/LaunchScreen.storyboard; sourceTree = "<group>"; };
		AC8049D01F0ABE9300F403D4 /* Info.plist */ = {isa = PBXFileReference; lastKnownFileType = text.plist.xml; path = Info.plist; sourceTree = "<group>"; };
		AC8049DD1F0AC42400F403D4 /* MovieAPI.swift */ = {isa = PBXFileReference; fileEncoding = 4; lastKnownFileType = sourcecode.swift; name = MovieAPI.swift; path = Networking/MovieAPI.swift; sourceTree = "<group>"; };
		AC8049DF1F0AFB0E00F403D4 /* GenreViewController.swift */ = {isa = PBXFileReference; fileEncoding = 4; lastKnownFileType = sourcecode.swift; name = GenreViewController.swift; path = Controllers/GenreViewController.swift; sourceTree = "<group>"; };
		AC8049E11F0AFB6800F403D4 /* ActorViewController.swift */ = {isa = PBXFileReference; fileEncoding = 4; lastKnownFileType = sourcecode.swift; name = ActorViewController.swift; path = Controllers/ActorViewController.swift; sourceTree = "<group>"; };
		AC8049E51F0AFC0A00F403D4 /* MovieViewController.swift */ = {isa = PBXFileReference; fileEncoding = 4; lastKnownFileType = sourcecode.swift; name = MovieViewController.swift; path = Controllers/MovieViewController.swift; sourceTree = "<group>"; };
		AC8049E71F0B019100F403D4 /* Session.swift */ = {isa = PBXFileReference; fileEncoding = 4; lastKnownFileType = sourcecode.swift; name = Session.swift; path = Networking/Session.swift; sourceTree = "<group>"; };
		AC8049E91F0D45DB00F403D4 /* Genre.swift */ = {isa = PBXFileReference; fileEncoding = 4; lastKnownFileType = sourcecode.swift; name = Genre.swift; path = Models/Genre.swift; sourceTree = "<group>"; };
		AC8049EB1F0D4CCF00F403D4 /* MovieError.swift */ = {isa = PBXFileReference; fileEncoding = 4; lastKnownFileType = sourcecode.swift; name = MovieError.swift; path = Networking/MovieError.swift; sourceTree = "<group>"; };
		AC8049EE1F0D50FB00F403D4 /* GenreCell.swift */ = {isa = PBXFileReference; fileEncoding = 4; lastKnownFileType = sourcecode.swift; name = GenreCell.swift; path = Views/GenreCell.swift; sourceTree = "<group>"; };
		AC8049F01F0D95D600F403D4 /* ActorCell.swift */ = {isa = PBXFileReference; fileEncoding = 4; lastKnownFileType = sourcecode.swift; name = ActorCell.swift; path = Views/ActorCell.swift; sourceTree = "<group>"; };
		AC8049F21F0D98B100F403D4 /* Actor.swift */ = {isa = PBXFileReference; fileEncoding = 4; lastKnownFileType = sourcecode.swift; name = Actor.swift; path = Models/Actor.swift; sourceTree = "<group>"; };
		AC8049F41F0DA27400F403D4 /* MovieSessionManager.swift */ = {isa = PBXFileReference; fileEncoding = 4; lastKnownFileType = sourcecode.swift; path = MovieSessionManager.swift; sourceTree = "<group>"; };
		AC8049F61F0E93CF00F403D4 /* MovieCell.swift */ = {isa = PBXFileReference; fileEncoding = 4; lastKnownFileType = sourcecode.swift; name = MovieCell.swift; path = Views/MovieCell.swift; sourceTree = "<group>"; };
		AC8049F81F0E943200F403D4 /* Movie.swift */ = {isa = PBXFileReference; fileEncoding = 4; lastKnownFileType = sourcecode.swift; name = Movie.swift; path = Models/Movie.swift; sourceTree = "<group>"; };
		AC8049FA1F0EDE5100F403D4 /* Configuration.swift */ = {isa = PBXFileReference; fileEncoding = 4; lastKnownFileType = sourcecode.swift; path = Configuration.swift; sourceTree = "<group>"; };
		AC804A001F0EEA1E00F403D4 /* ImageState.swift */ = {isa = PBXFileReference; fileEncoding = 4; lastKnownFileType = sourcecode.swift; name = ImageState.swift; path = Models/ImageState.swift; sourceTree = "<group>"; };
/* End PBXFileReference section */

/* Begin PBXFrameworksBuildPhase section */
		AC8049BE1F0ABE9300F403D4 /* Frameworks */ = {
			isa = PBXFrameworksBuildPhase;
			buildActionMask = 2147483647;
			files = (
				324A43AA1F47B8E500EB592A /* Alamofire.framework in Frameworks */,
			);
			runOnlyForDeploymentPostprocessing = 0;
		};
/* End PBXFrameworksBuildPhase section */

/* Begin PBXGroup section */
		AC8049B81F0ABE9300F403D4 = {
			isa = PBXGroup;
			children = (
				AC8049C31F0ABE9300F403D4 /* MovieNight */,
				AC8049C21F0ABE9300F403D4 /* Products */,
				AC8049D61F0AC0BE00F403D4 /* Frameworks */,
			);
			sourceTree = "<group>";
		};
		AC8049C21F0ABE9300F403D4 /* Products */ = {
			isa = PBXGroup;
			children = (
				AC8049C11F0ABE9300F403D4 /* MovieNight.app */,
			);
			name = Products;
			sourceTree = "<group>";
		};
		AC8049C31F0ABE9300F403D4 /* MovieNight */ = {
			isa = PBXGroup;
			children = (
				AC8049C41F0ABE9300F403D4 /* AppDelegate.swift */,
				AC8049ED1F0D50E000F403D4 /* Views */,
				AC8049DC1F0AC3FD00F403D4 /* Models */,
				AC8049DB1F0AC3F800F403D4 /* Controllers */,
				AC8049DA1F0AC3F300F403D4 /* Networking */,
				AC8049C81F0ABE9300F403D4 /* Main.storyboard */,
				AC8049CB1F0ABE9300F403D4 /* Assets.xcassets */,
				AC8049CD1F0ABE9300F403D4 /* LaunchScreen.storyboard */,
				AC8049D01F0ABE9300F403D4 /* Info.plist */,
			);
			path = MovieNight;
			sourceTree = "<group>";
		};
		AC8049D61F0AC0BE00F403D4 /* Frameworks */ = {
			isa = PBXGroup;
			children = (
				324A43A91F47B8E500EB592A /* Alamofire.framework */,
			);
			name = Frameworks;
			sourceTree = "<group>";
		};
		AC8049DA1F0AC3F300F403D4 /* Networking */ = {
			isa = PBXGroup;
			children = (
				AC8049DD1F0AC42400F403D4 /* MovieAPI.swift */,
				AC8049EB1F0D4CCF00F403D4 /* MovieError.swift */,
			);
			name = Networking;
			sourceTree = "<group>";
		};
		AC8049DB1F0AC3F800F403D4 /* Controllers */ = {
			isa = PBXGroup;
			children = (
				AC8049DF1F0AFB0E00F403D4 /* GenreViewController.swift */,
				AC8049E11F0AFB6800F403D4 /* ActorViewController.swift */,
				AC8049E51F0AFC0A00F403D4 /* MovieViewController.swift */,
				324A43A71F47B72D00EB592A /* StartViewController.swift */,
			);
			name = Controllers;
			sourceTree = "<group>";
		};
		AC8049DC1F0AC3FD00F403D4 /* Models */ = {
			isa = PBXGroup;
			children = (
				AC8049E91F0D45DB00F403D4 /* Genre.swift */,
				AC8049F21F0D98B100F403D4 /* Actor.swift */,
				AC8049E71F0B019100F403D4 /* Session.swift */,
				AC8049F81F0E943200F403D4 /* Movie.swift */,
				AC804A001F0EEA1E00F403D4 /* ImageState.swift */,
				AC8049F41F0DA27400F403D4 /* MovieSessionManager.swift */,
				AC8049FA1F0EDE5100F403D4 /* Configuration.swift */,
			);
			name = Models;
			sourceTree = "<group>";
		};
		AC8049ED1F0D50E000F403D4 /* Views */ = {
			isa = PBXGroup;
			children = (
				AC8049EE1F0D50FB00F403D4 /* GenreCell.swift */,
				AC8049F01F0D95D600F403D4 /* ActorCell.swift */,
				AC8049F61F0E93CF00F403D4 /* MovieCell.swift */,
			);
			name = Views;
			sourceTree = "<group>";
		};
/* End PBXGroup section */

/* Begin PBXNativeTarget section */
		AC8049C01F0ABE9300F403D4 /* MovieNight */ = {
			isa = PBXNativeTarget;
			buildConfigurationList = AC8049D31F0ABE9300F403D4 /* Build configuration list for PBXNativeTarget "MovieNight" */;
			buildPhases = (
				AC8049BD1F0ABE9300F403D4 /* Sources */,
				AC8049BE1F0ABE9300F403D4 /* Frameworks */,
				AC8049BF1F0ABE9300F403D4 /* Resources */,
				AC8049D91F0AC30900F403D4 /* ShellScript */,
			);
			buildRules = (
			);
			dependencies = (
			);
			name = MovieNight;
			productName = MovieNight;
			productReference = AC8049C11F0ABE9300F403D4 /* MovieNight.app */;
			productType = "com.apple.product-type.application";
		};
/* End PBXNativeTarget section */

/* Begin PBXProject section */
		AC8049B91F0ABE9300F403D4 /* Project object */ = {
			isa = PBXProject;
			attributes = {
				LastSwiftUpdateCheck = 0830;
				LastUpgradeCheck = 0830;
				ORGANIZATIONNAME = "Ty Schenk";
				TargetAttributes = {
					AC8049C01F0ABE9300F403D4 = {
						CreatedOnToolsVersion = 8.3.3;
						DevelopmentTeam = 8AYF758EP8;
						ProvisioningStyle = Automatic;
					};
				};
			};
			buildConfigurationList = AC8049BC1F0ABE9300F403D4 /* Build configuration list for PBXProject "MovieNight" */;
			compatibilityVersion = "Xcode 3.2";
			developmentRegion = English;
			hasScannedForEncodings = 0;
			knownRegions = (
				en,
				Base,
			);
			mainGroup = AC8049B81F0ABE9300F403D4;
			productRefGroup = AC8049C21F0ABE9300F403D4 /* Products */;
			projectDirPath = "";
			projectRoot = "";
			targets = (
				AC8049C01F0ABE9300F403D4 /* MovieNight */,
			);
		};
/* End PBXProject section */

/* Begin PBXResourcesBuildPhase section */
		AC8049BF1F0ABE9300F403D4 /* Resources */ = {
			isa = PBXResourcesBuildPhase;
			buildActionMask = 2147483647;
			files = (
				AC8049CF1F0ABE9300F403D4 /* LaunchScreen.storyboard in Resources */,
				AC8049CC1F0ABE9300F403D4 /* Assets.xcassets in Resources */,
				AC8049CA1F0ABE9300F403D4 /* Main.storyboard in Resources */,
			);
			runOnlyForDeploymentPostprocessing = 0;
		};
/* End PBXResourcesBuildPhase section */

/* Begin PBXShellScriptBuildPhase section */
		AC8049D91F0AC30900F403D4 /* ShellScript */ = {
			isa = PBXShellScriptBuildPhase;
			buildActionMask = 8;
			files = (
			);
			inputPaths = (
				"$(SRCROOT)/Carthage/Build/iOS/AlamoFire.framework",
			);
			outputPaths = (
			);
			runOnlyForDeploymentPostprocessing = 1;
			shellPath = /bin/sh;
			shellScript = "/usr/local/bin/carthage copy-frameworks";
		};
/* End PBXShellScriptBuildPhase section */

/* Begin PBXSourcesBuildPhase section */
		AC8049BD1F0ABE9300F403D4 /* Sources */ = {
			isa = PBXSourcesBuildPhase;
			buildActionMask = 2147483647;
			files = (
				AC8049EA1F0D45DB00F403D4 /* Genre.swift in Sources */,
				AC8049EC1F0D4CCF00F403D4 /* MovieError.swift in Sources */,
				AC8049E01F0AFB0E00F403D4 /* GenreViewController.swift in Sources */,
				AC8049E61F0AFC0A00F403D4 /* MovieViewController.swift in Sources */,
				AC8049F31F0D98B100F403D4 /* Actor.swift in Sources */,
				324A43A81F47B72D00EB592A /* StartViewController.swift in Sources */,
				AC804A011F0EEA1E00F403D4 /* ImageState.swift in Sources */,
				AC8049F91F0E943200F403D4 /* Movie.swift in Sources */,
				AC8049F51F0DA27400F403D4 /* MovieSessionManager.swift in Sources */,
				AC8049DE1F0AC42400F403D4 /* MovieAPI.swift in Sources */,
				AC8049F71F0E93CF00F403D4 /* MovieCell.swift in Sources */,
				AC8049FB1F0EDE5100F403D4 /* Configuration.swift in Sources */,
				AC8049E81F0B019100F403D4 /* Session.swift in Sources */,
				AC8049E21F0AFB6800F403D4 /* ActorViewController.swift in Sources */,
				AC8049EF1F0D50FB00F403D4 /* GenreCell.swift in Sources */,
				AC8049C51F0ABE9300F403D4 /* AppDelegate.swift in Sources */,
				AC8049F11F0D95D600F403D4 /* ActorCell.swift in Sources */,
			);
			runOnlyForDeploymentPostprocessing = 0;
		};
/* End PBXSourcesBuildPhase section */

/* Begin PBXVariantGroup section */
		AC8049C81F0ABE9300F403D4 /* Main.storyboard */ = {
			isa = PBXVariantGroup;
			children = (
				AC8049C91F0ABE9300F403D4 /* Base */,
			);
			name = Main.storyboard;
			sourceTree = "<group>";
		};
		AC8049CD1F0ABE9300F403D4 /* LaunchScreen.storyboard */ = {
			isa = PBXVariantGroup;
			children = (
				AC8049CE1F0ABE9300F403D4 /* Base */,
			);
			name = LaunchScreen.storyboard;
			sourceTree = "<group>";
		};
/* End PBXVariantGroup section */

/* Begin XCBuildConfiguration section */
		AC8049D11F0ABE9300F403D4 /* Debug */ = {
			isa = XCBuildConfiguration;
			buildSettings = {
				ALWAYS_SEARCH_USER_PATHS = NO;
				CLANG_ANALYZER_NONNULL = YES;
				CLANG_ANALYZER_NUMBER_OBJECT_CONVERSION = YES_AGGRESSIVE;
				CLANG_CXX_LANGUAGE_STANDARD = "gnu++0x";
				CLANG_CXX_LIBRARY = "libc++";
				CLANG_ENABLE_MODULES = YES;
				CLANG_ENABLE_OBJC_ARC = YES;
				CLANG_WARN_BOOL_CONVERSION = YES;
				CLANG_WARN_CONSTANT_CONVERSION = YES;
				CLANG_WARN_DIRECT_OBJC_ISA_USAGE = YES_ERROR;
				CLANG_WARN_DOCUMENTATION_COMMENTS = YES;
				CLANG_WARN_EMPTY_BODY = YES;
				CLANG_WARN_ENUM_CONVERSION = YES;
				CLANG_WARN_INFINITE_RECURSION = YES;
				CLANG_WARN_INT_CONVERSION = YES;
				CLANG_WARN_OBJC_ROOT_CLASS = YES_ERROR;
				CLANG_WARN_SUSPICIOUS_MOVE = YES;
				CLANG_WARN_UNREACHABLE_CODE = YES;
				CLANG_WARN__DUPLICATE_METHOD_MATCH = YES;
				"CODE_SIGN_IDENTITY[sdk=iphoneos*]" = "iPhone Developer";
				COPY_PHASE_STRIP = NO;
				DEBUG_INFORMATION_FORMAT = dwarf;
				ENABLE_STRICT_OBJC_MSGSEND = YES;
				ENABLE_TESTABILITY = YES;
				GCC_C_LANGUAGE_STANDARD = gnu99;
				GCC_DYNAMIC_NO_PIC = NO;
				GCC_NO_COMMON_BLOCKS = YES;
				GCC_OPTIMIZATION_LEVEL = 0;
				GCC_PREPROCESSOR_DEFINITIONS = (
					"DEBUG=1",
					"$(inherited)",
				);
				GCC_WARN_64_TO_32_BIT_CONVERSION = YES;
				GCC_WARN_ABOUT_RETURN_TYPE = YES_ERROR;
				GCC_WARN_UNDECLARED_SELECTOR = YES;
				GCC_WARN_UNINITIALIZED_AUTOS = YES_AGGRESSIVE;
				GCC_WARN_UNUSED_FUNCTION = YES;
				GCC_WARN_UNUSED_VARIABLE = YES;
				IPHONEOS_DEPLOYMENT_TARGET = 10.3;
				MTL_ENABLE_DEBUG_INFO = YES;
				ONLY_ACTIVE_ARCH = YES;
				SDKROOT = iphoneos;
				SWIFT_ACTIVE_COMPILATION_CONDITIONS = DEBUG;
				SWIFT_OPTIMIZATION_LEVEL = "-Onone";
			};
			name = Debug;
		};
		AC8049D21F0ABE9300F403D4 /* Release */ = {
			isa = XCBuildConfiguration;
			buildSettings = {
				ALWAYS_SEARCH_USER_PATHS = NO;
				CLANG_ANALYZER_NONNULL = YES;
				CLANG_ANALYZER_NUMBER_OBJECT_CONVERSION = YES_AGGRESSIVE;
				CLANG_CXX_LANGUAGE_STANDARD = "gnu++0x";
				CLANG_CXX_LIBRARY = "libc++";
				CLANG_ENABLE_MODULES = YES;
				CLANG_ENABLE_OBJC_ARC = YES;
				CLANG_WARN_BOOL_CONVERSION = YES;
				CLANG_WARN_CONSTANT_CONVERSION = YES;
				CLANG_WARN_DIRECT_OBJC_ISA_USAGE = YES_ERROR;
				CLANG_WARN_DOCUMENTATION_COMMENTS = YES;
				CLANG_WARN_EMPTY_BODY = YES;
				CLANG_WARN_ENUM_CONVERSION = YES;
				CLANG_WARN_INFINITE_RECURSION = YES;
				CLANG_WARN_INT_CONVERSION = YES;
				CLANG_WARN_OBJC_ROOT_CLASS = YES_ERROR;
				CLANG_WARN_SUSPICIOUS_MOVE = YES;
				CLANG_WARN_UNREACHABLE_CODE = YES;
				CLANG_WARN__DUPLICATE_METHOD_MATCH = YES;
				"CODE_SIGN_IDENTITY[sdk=iphoneos*]" = "iPhone Developer";
				COPY_PHASE_STRIP = NO;
				DEBUG_INFORMATION_FORMAT = "dwarf-with-dsym";
				ENABLE_NS_ASSERTIONS = NO;
				ENABLE_STRICT_OBJC_MSGSEND = YES;
				GCC_C_LANGUAGE_STANDARD = gnu99;
				GCC_NO_COMMON_BLOCKS = YES;
				GCC_WARN_64_TO_32_BIT_CONVERSION = YES;
				GCC_WARN_ABOUT_RETURN_TYPE = YES_ERROR;
				GCC_WARN_UNDECLARED_SELECTOR = YES;
				GCC_WARN_UNINITIALIZED_AUTOS = YES_AGGRESSIVE;
				GCC_WARN_UNUSED_FUNCTION = YES;
				GCC_WARN_UNUSED_VARIABLE = YES;
				IPHONEOS_DEPLOYMENT_TARGET = 10.3;
				MTL_ENABLE_DEBUG_INFO = NO;
				SDKROOT = iphoneos;
				SWIFT_OPTIMIZATION_LEVEL = "-Owholemodule";
				VALIDATE_PRODUCT = YES;
			};
			name = Release;
		};
		AC8049D41F0ABE9300F403D4 /* Debug */ = {
			isa = XCBuildConfiguration;
			buildSettings = {
				ASSETCATALOG_COMPILER_APPICON_NAME = AppIcon;
				DEVELOPMENT_TEAM = 8AYF758EP8;
				FRAMEWORK_SEARCH_PATHS = (
					"$(inherited)",
					"$(PROJECT_DIR)/Carthage/Build/iOS",
				);
				INFOPLIST_FILE = MovieNight/Info.plist;
				LD_RUNPATH_SEARCH_PATHS = "$(inherited) @executable_path/Frameworks";
				PRODUCT_BUNDLE_IDENTIFIER = com.tschenk.MovieNight;
				PRODUCT_NAME = "$(TARGET_NAME)";
				SWIFT_VERSION = 3.0;
			};
			name = Debug;
		};
		AC8049D51F0ABE9300F403D4 /* Release */ = {
			isa = XCBuildConfiguration;
			buildSettings = {
				ASSETCATALOG_COMPILER_APPICON_NAME = AppIcon;
				DEVELOPMENT_TEAM = 8AYF758EP8;
				FRAMEWORK_SEARCH_PATHS = (
					"$(inherited)",
					"$(PROJECT_DIR)/Carthage/Build/iOS",
				);
				INFOPLIST_FILE = MovieNight/Info.plist;
				LD_RUNPATH_SEARCH_PATHS = "$(inherited) @executable_path/Frameworks";
				PRODUCT_BUNDLE_IDENTIFIER = com.tschenk.MovieNight;
				PRODUCT_NAME = "$(TARGET_NAME)";
				SWIFT_VERSION = 3.0;
			};
			name = Release;
		};
/* End XCBuildConfiguration section */

/* Begin XCConfigurationList section */
		AC8049BC1F0ABE9300F403D4 /* Build configuration list for PBXProject "MovieNight" */ = {
			isa = XCConfigurationList;
			buildConfigurations = (
				AC8049D11F0ABE9300F403D4 /* Debug */,
				AC8049D21F0ABE9300F403D4 /* Release */,
			);
			defaultConfigurationIsVisible = 0;
			defaultConfigurationName = Release;
		};
		AC8049D31F0ABE9300F403D4 /* Build configuration list for PBXNativeTarget "MovieNight" */ = {
			isa = XCConfigurationList;
			buildConfigurations = (
				AC8049D41F0ABE9300F403D4 /* Debug */,
				AC8049D51F0ABE9300F403D4 /* Release */,
			);
			defaultConfigurationIsVisible = 0;
			defaultConfigurationName = Release;
		};
/* End XCConfigurationList section */
	};
	rootObject = AC8049B91F0ABE9300F403D4 /* Project object */;
}
